// !$*UTF8*$!
{
	archiveVersion = 1;
	classes = {
	};
	objectVersion = 46;
	objects = {

/* Begin PBXBuildFile section */
		3FB1729B190C1C0100CD6DD8 /* Foundation.framework in Frameworks */ = {isa = PBXBuildFile; fileRef = 3FB1729A190C1C0100CD6DD8 /* Foundation.framework */; };
		3FB1729D190C1C0100CD6DD8 /* CoreGraphics.framework in Frameworks */ = {isa = PBXBuildFile; fileRef = 3FB1729C190C1C0100CD6DD8 /* CoreGraphics.framework */; };
		3FB1729F190C1C0100CD6DD8 /* UIKit.framework in Frameworks */ = {isa = PBXBuildFile; fileRef = 3FB1729E190C1C0100CD6DD8 /* UIKit.framework */; };
		3FB172A5190C1C0100CD6DD8 /* InfoPlist.strings in Resources */ = {isa = PBXBuildFile; fileRef = 3FB172A3190C1C0100CD6DD8 /* InfoPlist.strings */; };
		3FB172A7190C1C0100CD6DD8 /* main.m in Sources */ = {isa = PBXBuildFile; fileRef = 3FB172A6190C1C0100CD6DD8 /* main.m */; };
		3FB172AB190C1C0100CD6DD8 /* XYZAppDelegate.m in Sources */ = {isa = PBXBuildFile; fileRef = 3FB172AA190C1C0100CD6DD8 /* XYZAppDelegate.m */; };
		3FB172AD190C1C0100CD6DD8 /* Images.xcassets in Resources */ = {isa = PBXBuildFile; fileRef = 3FB172AC190C1C0100CD6DD8 /* Images.xcassets */; };
		3FB172B4190C1C0100CD6DD8 /* XCTest.framework in Frameworks */ = {isa = PBXBuildFile; fileRef = 3FB172B3190C1C0100CD6DD8 /* XCTest.framework */; };
		3FB172B5190C1C0100CD6DD8 /* Foundation.framework in Frameworks */ = {isa = PBXBuildFile; fileRef = 3FB1729A190C1C0100CD6DD8 /* Foundation.framework */; };
		3FB172B6190C1C0100CD6DD8 /* UIKit.framework in Frameworks */ = {isa = PBXBuildFile; fileRef = 3FB1729E190C1C0100CD6DD8 /* UIKit.framework */; };
		3FB172BE190C1C0100CD6DD8 /* InfoPlist.strings in Resources */ = {isa = PBXBuildFile; fileRef = 3FB172BC190C1C0100CD6DD8 /* InfoPlist.strings */; };
		3FB172C0190C1C0100CD6DD8 /* ToDoListTests.m in Sources */ = {isa = PBXBuildFile; fileRef = 3FB172BF190C1C0100CD6DD8 /* ToDoListTests.m */; };
		3FB172CA190C217E00CD6DD8 /* Main.storyboard in Resources */ = {isa = PBXBuildFile; fileRef = 3FB172C9190C217E00CD6DD8 /* Main.storyboard */; };
/* End PBXBuildFile section */

/* Begin PBXContainerItemProxy section */
		3FB172B7190C1C0100CD6DD8 /* PBXContainerItemProxy */ = {
			isa = PBXContainerItemProxy;
			containerPortal = 3FB1728F190C1C0100CD6DD8 /* Project object */;
			proxyType = 1;
			remoteGlobalIDString = 3FB17296190C1C0100CD6DD8;
			remoteInfo = ToDoList;
		};
/* End PBXContainerItemProxy section */

/* Begin PBXFileReference section */
		3FB17297190C1C0100CD6DD8 /* ToDoList.app */ = {isa = PBXFileReference; explicitFileType = wrapper.application; includeInIndex = 0; path = ToDoList.app; sourceTree = BUILT_PRODUCTS_DIR; };
		3FB1729A190C1C0100CD6DD8 /* Foundation.framework */ = {isa = PBXFileReference; lastKnownFileType = wrapper.framework; name = Foundation.framework; path = System/Library/Frameworks/Foundation.framework; sourceTree = SDKROOT; };
		3FB1729C190C1C0100CD6DD8 /* CoreGraphics.framework */ = {isa = PBXFileReference; lastKnownFileType = wrapper.framework; name = CoreGraphics.framework; path = System/Library/Frameworks/CoreGraphics.framework; sourceTree = SDKROOT; };
		3FB1729E190C1C0100CD6DD8 /* UIKit.framework */ = {isa = PBXFileReference; lastKnownFileType = wrapper.framework; name = UIKit.framework; path = System/Library/Frameworks/UIKit.framework; sourceTree = SDKROOT; };
		3FB172A2190C1C0100CD6DD8 /* ToDoList-Info.plist */ = {isa = PBXFileReference; lastKnownFileType = text.plist.xml; path = "ToDoList-Info.plist"; sourceTree = "<group>"; };
		3FB172A4190C1C0100CD6DD8 /* en */ = {isa = PBXFileReference; lastKnownFileType = text.plist.strings; name = en; path = en.lproj/InfoPlist.strings; sourceTree = "<group>"; };
		3FB172A6190C1C0100CD6DD8 /* main.m */ = {isa = PBXFileReference; lastKnownFileType = sourcecode.c.objc; path = main.m; sourceTree = "<group>"; };
		3FB172A8190C1C0100CD6DD8 /* ToDoList-Prefix.pch */ = {isa = PBXFileReference; lastKnownFileType = sourcecode.c.h; path = "ToDoList-Prefix.pch"; sourceTree = "<group>"; };
		3FB172A9190C1C0100CD6DD8 /* XYZAppDelegate.h */ = {isa = PBXFileReference; lastKnownFileType = sourcecode.c.h; path = XYZAppDelegate.h; sourceTree = "<group>"; };
		3FB172AA190C1C0100CD6DD8 /* XYZAppDelegate.m */ = {isa = PBXFileReference; lastKnownFileType = sourcecode.c.objc; path = XYZAppDelegate.m; sourceTree = "<group>"; };
		3FB172AC190C1C0100CD6DD8 /* Images.xcassets */ = {isa = PBXFileReference; lastKnownFileType = folder.assetcatalog; path = Images.xcassets; sourceTree = "<group>"; };
		3FB172B2190C1C0100CD6DD8 /* ToDoListTests.xctest */ = {isa = PBXFileReference; explicitFileType = wrapper.cfbundle; includeInIndex = 0; path = ToDoListTests.xctest; sourceTree = BUILT_PRODUCTS_DIR; };
		3FB172B3190C1C0100CD6DD8 /* XCTest.framework */ = {isa = PBXFileReference; lastKnownFileType = wrapper.framework; name = XCTest.framework; path = Library/Frameworks/XCTest.framework; sourceTree = DEVELOPER_DIR; };
		3FB172BB190C1C0100CD6DD8 /* ToDoListTests-Info.plist */ = {isa = PBXFileReference; lastKnownFileType = text.plist.xml; path = "ToDoListTests-Info.plist"; sourceTree = "<group>"; };
		3FB172BD190C1C0100CD6DD8 /* en */ = {isa = PBXFileReference; lastKnownFileType = text.plist.strings; name = en; path = en.lproj/InfoPlist.strings; sourceTree = "<group>"; };
		3FB172BF190C1C0100CD6DD8 /* ToDoListTests.m */ = {isa = PBXFileReference; lastKnownFileType = sourcecode.c.objc; path = ToDoListTests.m; sourceTree = "<group>"; };
		3FB172C9190C217E00CD6DD8 /* Main.storyboard */ = {isa = PBXFileReference; fileEncoding = 4; lastKnownFileType = file.storyboard; path = Main.storyboard; sourceTree = "<group>"; };
/* End PBXFileReference section */

/* Begin PBXFrameworksBuildPhase section */
		3FB17294190C1C0100CD6DD8 /* Frameworks */ = {
			isa = PBXFrameworksBuildPhase;
			buildActionMask = 2147483647;
			files = (
				3FB1729D190C1C0100CD6DD8 /* CoreGraphics.framework in Frameworks */,
				3FB1729F190C1C0100CD6DD8 /* UIKit.framework in Frameworks */,
				3FB1729B190C1C0100CD6DD8 /* Foundation.framework in Frameworks */,
			);
			runOnlyForDeploymentPostprocessing = 0;
		};
		3FB172AF190C1C0100CD6DD8 /* Frameworks */ = {
			isa = PBXFrameworksBuildPhase;
			buildActionMask = 2147483647;
			files = (
				3FB172B4190C1C0100CD6DD8 /* XCTest.framework in Frameworks */,
				3FB172B6190C1C0100CD6DD8 /* UIKit.framework in Frameworks */,
				3FB172B5190C1C0100CD6DD8 /* Foundation.framework in Frameworks */,
			);
			runOnlyForDeploymentPostprocessing = 0;
		};
/* End PBXFrameworksBuildPhase section */

/* Begin PBXGroup section */
		3FB1728E190C1C0100CD6DD8 = {
			isa = PBXGroup;
			children = (
				3FB172A0190C1C0100CD6DD8 /* ToDoList */,
				3FB172B9190C1C0100CD6DD8 /* ToDoListTests */,
				3FB17299190C1C0100CD6DD8 /* Frameworks */,
				3FB17298190C1C0100CD6DD8 /* Products */,
			);
			sourceTree = "<group>";
		};
		3FB17298190C1C0100CD6DD8 /* Products */ = {
			isa = PBXGroup;
			children = (
				3FB17297190C1C0100CD6DD8 /* ToDoList.app */,
				3FB172B2190C1C0100CD6DD8 /* ToDoListTests.xctest */,
			);
			name = Products;
			sourceTree = "<group>";
		};
		3FB17299190C1C0100CD6DD8 /* Frameworks */ = {
			isa = PBXGroup;
			children = (
				3FB1729A190C1C0100CD6DD8 /* Foundation.framework */,
				3FB1729C190C1C0100CD6DD8 /* CoreGraphics.framework */,
				3FB1729E190C1C0100CD6DD8 /* UIKit.framework */,
				3FB172B3190C1C0100CD6DD8 /* XCTest.framework */,
			);
			name = Frameworks;
			sourceTree = "<group>";
		};
		3FB172A0190C1C0100CD6DD8 /* ToDoList */ = {
			isa = PBXGroup;
			children = (
				3FB172A9190C1C0100CD6DD8 /* XYZAppDelegate.h */,
				3FB172AA190C1C0100CD6DD8 /* XYZAppDelegate.m */,
				3FB172C9190C217E00CD6DD8 /* Main.storyboard */,
				3FB172AC190C1C0100CD6DD8 /* Images.xcassets */,
				3FB172A1190C1C0100CD6DD8 /* Supporting Files */,
			);
			path = ToDoList;
			sourceTree = "<group>";
		};
		3FB172A1190C1C0100CD6DD8 /* Supporting Files */ = {
			isa = PBXGroup;
			children = (
				3FB172A2190C1C0100CD6DD8 /* ToDoList-Info.plist */,
				3FB172A3190C1C0100CD6DD8 /* InfoPlist.strings */,
				3FB172A6190C1C0100CD6DD8 /* main.m */,
				3FB172A8190C1C0100CD6DD8 /* ToDoList-Prefix.pch */,
			);
			name = "Supporting Files";
			sourceTree = "<group>";
		};
		3FB172B9190C1C0100CD6DD8 /* ToDoListTests */ = {
			isa = PBXGroup;
			children = (
				3FB172BF190C1C0100CD6DD8 /* ToDoListTests.m */,
				3FB172BA190C1C0100CD6DD8 /* Supporting Files */,
			);
			path = ToDoListTests;
			sourceTree = "<group>";
		};
		3FB172BA190C1C0100CD6DD8 /* Supporting Files */ = {
			isa = PBXGroup;
			children = (
				3FB172BB190C1C0100CD6DD8 /* ToDoListTests-Info.plist */,
				3FB172BC190C1C0100CD6DD8 /* InfoPlist.strings */,
			);
			name = "Supporting Files";
			sourceTree = "<group>";
		};
/* End PBXGroup section */

/* Begin PBXNativeTarget section */
		3FB17296190C1C0100CD6DD8 /* ToDoList */ = {
			isa = PBXNativeTarget;
			buildConfigurationList = 3FB172C3190C1C0100CD6DD8 /* Build configuration list for PBXNativeTarget "ToDoList" */;
			buildPhases = (
				3FB17293190C1C0100CD6DD8 /* Sources */,
				3FB17294190C1C0100CD6DD8 /* Frameworks */,
				3FB17295190C1C0100CD6DD8 /* Resources */,
			);
			buildRules = (
			);
			dependencies = (
			);
			name = ToDoList;
			productName = ToDoList;
			productReference = 3FB17297190C1C0100CD6DD8 /* ToDoList.app */;
			productType = "com.apple.product-type.application";
		};
		3FB172B1190C1C0100CD6DD8 /* ToDoListTests */ = {
			isa = PBXNativeTarget;
			buildConfigurationList = 3FB172C6190C1C0100CD6DD8 /* Build configuration list for PBXNativeTarget "ToDoListTests" */;
			buildPhases = (
				3FB172AE190C1C0100CD6DD8 /* Sources */,
				3FB172AF190C1C0100CD6DD8 /* Frameworks */,
				3FB172B0190C1C0100CD6DD8 /* Resources */,
			);
			buildRules = (
			);
			dependencies = (
				3FB172B8190C1C0100CD6DD8 /* PBXTargetDependency */,
			);
			name = ToDoListTests;
			productName = ToDoListTests;
			productReference = 3FB172B2190C1C0100CD6DD8 /* ToDoListTests.xctest */;
			productType = "com.apple.product-type.bundle.unit-test";
		};
/* End PBXNativeTarget section */

/* Begin PBXProject section */
		3FB1728F190C1C0100CD6DD8 /* Project object */ = {
			isa = PBXProject;
			attributes = {
				CLASSPREFIX = XYZ;
				LastUpgradeCheck = 0510;
				ORGANIZATIONNAME = "Jeremy Li";
				TargetAttributes = {
					3FB172B1190C1C0100CD6DD8 = {
						TestTargetID = 3FB17296190C1C0100CD6DD8;
					};
				};
			};
			buildConfigurationList = 3FB17292190C1C0100CD6DD8 /* Build configuration list for PBXProject "ToDoList" */;
			compatibilityVersion = "Xcode 3.2";
			developmentRegion = English;
			hasScannedForEncodings = 0;
			knownRegions = (
				en,
			);
			mainGroup = 3FB1728E190C1C0100CD6DD8;
			productRefGroup = 3FB17298190C1C0100CD6DD8 /* Products */;
			projectDirPath = "";
			projectRoot = "";
			targets = (
				3FB17296190C1C0100CD6DD8 /* ToDoList */,
				3FB172B1190C1C0100CD6DD8 /* ToDoListTests */,
			);
		};
/* End PBXProject section */

/* Begin PBXResourcesBuildPhase section */
		3FB17295190C1C0100CD6DD8 /* Resources */ = {
			isa = PBXResourcesBuildPhase;
			buildActionMask = 2147483647;
			files = (
				3FB172CA190C217E00CD6DD8 /* Main.storyboard in Resources */,
				3FB172A5190C1C0100CD6DD8 /* InfoPlist.strings in Resources */,
				3FB172AD190C1C0100CD6DD8 /* Images.xcassets in Resources */,
			);
			runOnlyForDeploymentPostprocessing = 0;
		};
		3FB172B0190C1C0100CD6DD8 /* Resources */ = {
			isa = PBXResourcesBuildPhase;
			buildActionMask = 2147483647;
			files = (
				3FB172BE190C1C0100CD6DD8 /* InfoPlist.strings in Resources */,
			);
			runOnlyForDeploymentPostprocessing = 0;
		};
/* End PBXResourcesBuildPhase section */

/* Begin PBXSourcesBuildPhase section */
		3FB17293190C1C0100CD6DD8 /* Sources */ = {
			isa = PBXSourcesBuildPhase;
			buildActionMask = 2147483647;
			files = (
				3FB172AB190C1C0100CD6DD8 /* XYZAppDelegate.m in Sources */,
				3FB172A7190C1C0100CD6DD8 /* main.m in Sources */,
			);
			runOnlyForDeploymentPostprocessing = 0;
		};
		3FB172AE190C1C0100CD6DD8 /* Sources */ = {
			isa = PBXSourcesBuildPhase;
			buildActionMask = 2147483647;
			files = (
				3FB172C0190C1C0100CD6DD8 /* ToDoListTests.m in Sources */,
			);
			runOnlyForDeploymentPostprocessing = 0;
		};
/* End PBXSourcesBuildPhase section */

/* Begin PBXTargetDependency section */
		3FB172B8190C1C0100CD6DD8 /* PBXTargetDependency */ = {
			isa = PBXTargetDependency;
			target = 3FB17296190C1C0100CD6DD8 /* ToDoList */;
			targetProxy = 3FB172B7190C1C0100CD6DD8 /* PBXContainerItemProxy */;
		};
/* End PBXTargetDependency section */

/* Begin PBXVariantGroup section */
		3FB172A3190C1C0100CD6DD8 /* InfoPlist.strings */ = {
			isa = PBXVariantGroup;
			children = (
				3FB172A4190C1C0100CD6DD8 /* en */,
			);
			name = InfoPlist.strings;
			sourceTree = "<group>";
		};
		3FB172BC190C1C0100CD6DD8 /* InfoPlist.strings */ = {
			isa = PBXVariantGroup;
			children = (
				3FB172BD190C1C0100CD6DD8 /* en */,
			);
			name = InfoPlist.strings;
			sourceTree = "<group>";
		};
/* End PBXVariantGroup section */

/* Begin XCBuildConfiguration section */
		3FB172C1190C1C0100CD6DD8 /* Debug */ = {
			isa = XCBuildConfiguration;
			buildSettings = {
				ALWAYS_SEARCH_USER_PATHS = NO;
				CLANG_CXX_LANGUAGE_STANDARD = "gnu++0x";
				CLANG_CXX_LIBRARY = "libc++";
				CLANG_ENABLE_MODULES = YES;
				CLANG_ENABLE_OBJC_ARC = YES;
				CLANG_WARN_BOOL_CONVERSION = YES;
				CLANG_WARN_CONSTANT_CONVERSION = YES;
				CLANG_WARN_DIRECT_OBJC_ISA_USAGE = YES_ERROR;
				CLANG_WARN_EMPTY_BODY = YES;
				CLANG_WARN_ENUM_CONVERSION = YES;
				CLANG_WARN_INT_CONVERSION = YES;
				CLANG_WARN_OBJC_ROOT_CLASS = YES_ERROR;
				CLANG_WARN__DUPLICATE_METHOD_MATCH = YES;
				"CODE_SIGN_IDENTITY[sdk=iphoneos*]" = "iPhone Developer";
				COPY_PHASE_STRIP = NO;
				GCC_C_LANGUAGE_STANDARD = gnu99;
				GCC_DYNAMIC_NO_PIC = NO;
				GCC_OPTIMIZATION_LEVEL = 0;
				GCC_PREPROCESSOR_DEFINITIONS = (
					"DEBUG=1",
					"$(inherited)",
				);
				GCC_SYMBOLS_PRIVATE_EXTERN = NO;
				GCC_WARN_64_TO_32_BIT_CONVERSION = YES;
				GCC_WARN_ABOUT_RETURN_TYPE = YES_ERROR;
				GCC_WARN_UNDECLARED_SELECTOR = YES;
				GCC_WARN_UNINITIALIZED_AUTOS = YES_AGGRESSIVE;
				GCC_WARN_UNUSED_FUNCTION = YES;
				GCC_WARN_UNUSED_VARIABLE = YES;
				IPHONEOS_DEPLOYMENT_TARGET = 7.1;
				ONLY_ACTIVE_ARCH = YES;
				SDKROOT = iphoneos;
			};
			name = Debug;
		};
		3FB172C2190C1C0100CD6DD8 /* Release */ = {
			isa = XCBuildConfiguration;
			buildSettings = {
				ALWAYS_SEARCH_USER_PATHS = NO;
				CLANG_CXX_LANGUAGE_STANDARD = "gnu++0x";
				CLANG_CXX_LIBRARY = "libc++";
				CLANG_ENABLE_MODULES = YES;
				CLANG_ENABLE_OBJC_ARC = YES;
				CLANG_WARN_BOOL_CONVERSION = YES;
				CLANG_WARN_CONSTANT_CONVERSION = YES;
				CLANG_WARN_DIRECT_OBJC_ISA_USAGE = YES_ERROR;
				CLANG_WARN_EMPTY_BODY = YES;
				CLANG_WARN_ENUM_CONVERSION = YES;
				CLANG_WARN_INT_CONVERSION = YES;
				CLANG_WARN_OBJC_ROOT_CLASS = YES_ERROR;
				CLANG_WARN__DUPLICATE_METHOD_MATCH = YES;
				"CODE_SIGN_IDENTITY[sdk=iphoneos*]" = "iPhone Developer";
				COPY_PHASE_STRIP = YES;
				ENABLE_NS_ASSERTIONS = NO;
				GCC_C_LANGUAGE_STANDARD = gnu99;
				GCC_WARN_64_TO_32_BIT_CONVERSION = YES;
				GCC_WARN_ABOUT_RETURN_TYPE = YES_ERROR;
				GCC_WARN_UNDECLARED_SELECTOR = YES;
				GCC_WARN_UNINITIALIZED_AUTOS = YES_AGGRESSIVE;
				GCC_WARN_UNUSED_FUNCTION = YES;
				GCC_WARN_UNUSED_VARIABLE = YES;
				IPHONEOS_DEPLOYMENT_TARGET = 7.1;
				SDKROOT = iphoneos;
				VALIDATE_PRODUCT = YES;
			};
			name = Release;
		};
		3FB172C4190C1C0100CD6DD8 /* Debug */ = {
			isa = XCBuildConfiguration;
			buildSettings = {
				ASSETCATALOG_COMPILER_APPICON_NAME = AppIcon;
				ASSETCATALOG_COMPILER_LAUNCHIMAGE_NAME = LaunchImage;
				GCC_PRECOMPILE_PREFIX_HEADER = YES;
				GCC_PREFIX_HEADER = "ToDoList/ToDoList-Prefix.pch";
				INFOPLIST_FILE = "ToDoList/ToDoList-Info.plist";
				PRODUCT_NAME = "$(TARGET_NAME)";
				WRAPPER_EXTENSION = app;
			};
			name = Debug;
		};
		3FB172C5190C1C0100CD6DD8 /* Release */ = {
			isa = XCBuildConfiguration;
			buildSettings = {
				ASSETCATALOG_COMPILER_APPICON_NAME = AppIcon;
				ASSETCATALOG_COMPILER_LAUNCHIMAGE_NAME = LaunchImage;
				GCC_PRECOMPILE_PREFIX_HEADER = YES;
				GCC_PREFIX_HEADER = "ToDoList/ToDoList-Prefix.pch";
				INFOPLIST_FILE = "ToDoList/ToDoList-Info.plist";
				PRODUCT_NAME = "$(TARGET_NAME)";
				WRAPPER_EXTENSION = app;
			};
			name = Release;
		};
		3FB172C7190C1C0100CD6DD8 /* Debug */ = {
			isa = XCBuildConfiguration;
			buildSettings = {
				BUNDLE_LOADER = "$(BUILT_PRODUCTS_DIR)/ToDoList.app/ToDoList";
				FRAMEWORK_SEARCH_PATHS = (
					"$(SDKROOT)/Developer/Library/Frameworks",
					"$(inherited)",
					"$(DEVELOPER_FRAMEWORKS_DIR)",
				);
				GCC_PRECOMPILE_PREFIX_HEADER = YES;
				GCC_PREFIX_HEADER = "ToDoList/ToDoList-Prefix.pch";
				GCC_PREPROCESSOR_DEFINITIONS = (
					"DEBUG=1",
					"$(inherited)",
				);
				INFOPLIST_FILE = "ToDoListTests/ToDoListTests-Info.plist";
				PRODUCT_NAME = "$(TARGET_NAME)";
				TEST_HOST = "$(BUNDLE_LOADER)";
				WRAPPER_EXTENSION = xctest;
			};
			name = Debug;
		};
		3FB172C8190C1C0100CD6DD8 /* Release */ = {
			isa = XCBuildConfiguration;
			buildSettings = {
				BUNDLE_LOADER = "$(BUILT_PRODUCTS_DIR)/ToDoList.app/ToDoList";
				FRAMEWORK_SEARCH_PATHS = (
					"$(SDKROOT)/Developer/Library/Frameworks",
					"$(inherited)",
					"$(DEVELOPER_FRAMEWORKS_DIR)",
				);
				GCC_PRECOMPILE_PREFIX_HEADER = YES;
				GCC_PREFIX_HEADER = "ToDoList/ToDoList-Prefix.pch";
				INFOPLIST_FILE = "ToDoListTests/ToDoListTests-Info.plist";
				PRODUCT_NAME = "$(TARGET_NAME)";
				TEST_HOST = "$(BUNDLE_LOADER)";
				WRAPPER_EXTENSION = xctest;
			};
			name = Release;
		};
/* End XCBuildConfiguration section */

/* Begin XCConfigurationList section */
		3FB17292190C1C0100CD6DD8 /* Build configuration list for PBXProject "ToDoList" */ = {
			isa = XCConfigurationList;
			buildConfigurations = (
				3FB172C1190C1C0100CD6DD8 /* Debug */,
				3FB172C2190C1C0100CD6DD8 /* Release */,
			);
			defaultConfigurationIsVisible = 0;
			defaultConfigurationName = Release;
		};
		3FB172C3190C1C0100CD6DD8 /* Build configuration list for PBXNativeTarget "ToDoList" */ = {
			isa = XCConfigurationList;
			buildConfigurations = (
				3FB172C4190C1C0100CD6DD8 /* Debug */,
				3FB172C5190C1C0100CD6DD8 /* Release */,
			);
			defaultConfigurationIsVisible = 0;
		};
		3FB172C6190C1C0100CD6DD8 /* Build configuration list for PBXNativeTarget "ToDoListTests" */ = {
			isa = XCConfigurationList;
			buildConfigurations = (
				3FB172C7190C1C0100CD6DD8 /* Debug */,
				3FB172C8190C1C0100CD6DD8 /* Release */,
			);
			defaultConfigurationIsVisible = 0;
		};
/* End XCConfigurationList section */
	};
	rootObject = 3FB1728F190C1C0100CD6DD8 /* Project object */;
}
